
Microsoft Visual Studio Solution File, Format Version 12.00
Project("{FAE04EC0-301F-11D3-BF4B-00C04F79EFBC}") = "WinFormsAppBeamBending", "WinFormsAppBeamBending\WinFormsAppBeamBending.csproj", "{995147CC-0143-4168-A767-BE4BCF4B9428}"
EndProject
Global
	GlobalSection(SolutionConfigurationPlatforms) = preSolution
		Debug|Any CPU = Debug|Any CPU
		Release|Any CPU = Release|Any CPU
	EndGlobalSection
	GlobalSection(ProjectConfigurationPlatforms) = postSolution
		{995147CC-0143-4168-A767-BE4BCF4B9428}.Debug|Any CPU.ActiveCfg = Debug|Any CPU
		{995147CC-0143-4168-A767-BE4BCF4B9428}.Debug|Any CPU.Build.0 = Debug|Any CPU
		{995147CC-0143-4168-A767-BE4BCF4B9428}.Release|Any CPU.ActiveCfg = Release|Any CPU
		{995147CC-0143-4168-A767-BE4BCF4B9428}.Release|Any CPU.Build.0 = Release|Any CPU
	EndGlobalSection
EndGlobal
